
Microsoft Visual Studio Solution File, Format Version 12.00
# Visual Studio Version 17
VisualStudioVersion = 17.7.34031.279
MinimumVisualStudioVersion = 10.0.40219.1
Project("{9A19103F-16F7-4668-BE54-9A1E7A4F7556}") = "Loose_Coupling", "Loose_Coupling\Loose_Coupling.csproj", "{ADAC6F61-C02B-4949-A749-8B0176A7B96E}"
EndProject
Project("{9A19103F-16F7-4668-BE54-9A1E7A4F7556}") = "Single_Responsibility_Principle", "Single_Responsibility_Principle\Single_Responsibility_Principle.csproj", "{223953CF-F160-4AEA-AC3A-C8DBCBB8F147}"
EndProject
Project("{FAE04EC0-301F-11D3-BF4B-00C04F79EFBC}") = "Open_Closed_Principle", "Open_Closed_Principle\Open_Closed_Principle.csproj", "{5E83FBC5-F05B-4729-9124-307BE77469DC}"
EndProject
Global
	GlobalSection(SolutionConfigurationPlatforms) = preSolution
		Debug|Any CPU = Debug|Any CPU
		Release|Any CPU = Release|Any CPU
	EndGlobalSection
	GlobalSection(ProjectConfigurationPlatforms) = postSolution
		{ADAC6F61-C02B-4949-A749-8B0176A7B96E}.Debug|Any CPU.ActiveCfg = Debug|Any CPU
		{ADAC6F61-C02B-4949-A749-8B0176A7B96E}.Debug|Any CPU.Build.0 = Debug|Any CPU
		{ADAC6F61-C02B-4949-A749-8B0176A7B96E}.Release|Any CPU.ActiveCfg = Release|Any CPU
		{ADAC6F61-C02B-4949-A749-8B0176A7B96E}.Release|Any CPU.Build.0 = Release|Any CPU
		{223953CF-F160-4AEA-AC3A-C8DBCBB8F147}.Debug|Any CPU.ActiveCfg = Debug|Any CPU
		{223953CF-F160-4AEA-AC3A-C8DBCBB8F147}.Debug|Any CPU.Build.0 = Debug|Any CPU
		{223953CF-F160-4AEA-AC3A-C8DBCBB8F147}.Release|Any CPU.ActiveCfg = Release|Any CPU
		{223953CF-F160-4AEA-AC3A-C8DBCBB8F147}.Release|Any CPU.Build.0 = Release|Any CPU
		{5E83FBC5-F05B-4729-9124-307BE77469DC}.Debug|Any CPU.ActiveCfg = Debug|Any CPU
		{5E83FBC5-F05B-4729-9124-307BE77469DC}.Debug|Any CPU.Build.0 = Debug|Any CPU
		{5E83FBC5-F05B-4729-9124-307BE77469DC}.Release|Any CPU.ActiveCfg = Release|Any CPU
		{5E83FBC5-F05B-4729-9124-307BE77469DC}.Release|Any CPU.Build.0 = Release|Any CPU
	EndGlobalSection
	GlobalSection(SolutionProperties) = preSolution
		HideSolutionNode = FALSE
	EndGlobalSection
	GlobalSection(ExtensibilityGlobals) = postSolution
		SolutionGuid = {66D5CC8F-4D4E-42A2-8517-7D7C2F816440}
	EndGlobalSection
EndGlobal
